
Microsoft Visual Studio Solution File, Format Version 12.00
# Visual Studio Version 16
VisualStudioVersion = 16.0.29201.188
MinimumVisualStudioVersion = 10.0.40219.1
Project("{FAE04EC0-301F-11D3-BF4B-00C04F79EFBC}") = "RPPlugin", "RPPlugin\RPPlugin.csproj", "{298D128B-8699-44DB-B9AD-9FB7A05E5FAB}"
EndProject
Global
	GlobalSection(SolutionConfigurationPlatforms) = preSolution
		Debug|Any CPU = Debug|Any CPU
		Release|Any CPU = Release|Any CPU
	EndGlobalSection
	GlobalSection(ProjectConfigurationPlatforms) = postSolution
		{298D128B-8699-44DB-B9AD-9FB7A05E5FAB}.Debug|Any CPU.ActiveCfg = Debug|Any CPU
		{298D128B-8699-44DB-B9AD-9FB7A05E5FAB}.Debug|Any CPU.Build.0 = Debug|Any CPU
		{298D128B-8699-44DB-B9AD-9FB7A05E5FAB}.Release|Any CPU.ActiveCfg = Release|Any CPU
		{298D128B-8699-44DB-B9AD-9FB7A05E5FAB}.Release|Any CPU.Build.0 = Release|Any CPU
	EndGlobalSection
	GlobalSection(SolutionProperties) = preSolution
		HideSolutionNode = FALSE
	EndGlobalSection
	GlobalSection(ExtensibilityGlobals) = postSolution
		SolutionGuid = {8FA00312-DE9E-4913-B25A-BB1CCD7F09FF}
	EndGlobalSection
EndGlobal
